
Microsoft Visual Studio Solution File, Format Version 12.00
# Visual Studio Version 17
VisualStudioVersion = 17.11.35327.3
MinimumVisualStudioVersion = 10.0.40219.1
Project("{9A19103F-16F7-4668-BE54-9A1E7A4F7556}") = "DemoWeb", "DemoWeb\DemoWeb.csproj", "{EF10EF74-F034-4515-9F4E-54F764CBD88C}"
EndProject
Project("{FAE04EC0-301F-11D3-BF4B-00C04F79EFBC}") = "TestWebModels", "TestWebModels\TestWebModels.csproj", "{681B97C9-0951-4E52-8E87-EDC26440237E}"
EndProject
Global
	GlobalSection(SolutionConfigurationPlatforms) = preSolution
		Debug|Any CPU = Debug|Any CPU
		Release|Any CPU = Release|Any CPU
	EndGlobalSection
	GlobalSection(ProjectConfigurationPlatforms) = postSolution
		{EF10EF74-F034-4515-9F4E-54F764CBD88C}.Debug|Any CPU.ActiveCfg = Debug|Any CPU
		{EF10EF74-F034-4515-9F4E-54F764CBD88C}.Debug|Any CPU.Build.0 = Debug|Any CPU
		{EF10EF74-F034-4515-9F4E-54F764CBD88C}.Release|Any CPU.ActiveCfg = Release|Any CPU
		{EF10EF74-F034-4515-9F4E-54F764CBD88C}.Release|Any CPU.Build.0 = Release|Any CPU
		{681B97C9-0951-4E52-8E87-EDC26440237E}.Debug|Any CPU.ActiveCfg = Debug|Any CPU
		{681B97C9-0951-4E52-8E87-EDC26440237E}.Debug|Any CPU.Build.0 = Debug|Any CPU
		{681B97C9-0951-4E52-8E87-EDC26440237E}.Release|Any CPU.ActiveCfg = Release|Any CPU
		{681B97C9-0951-4E52-8E87-EDC26440237E}.Release|Any CPU.Build.0 = Release|Any CPU
	EndGlobalSection
	GlobalSection(SolutionProperties) = preSolution
		HideSolutionNode = FALSE
	EndGlobalSection
	GlobalSection(ExtensibilityGlobals) = postSolution
		SolutionGuid = {59DBA836-59CE-4D53-9F34-EACAEDB9ED5D}
	EndGlobalSection
EndGlobal
